
Microsoft Visual Studio Solution File, Format Version 12.00
# Visual Studio Version 16
VisualStudioVersion = 16.0.31025.194
MinimumVisualStudioVersion = 10.0.40219.1
Project("{FAE04EC0-301F-11D3-BF4B-00C04F79EFBC}") = "Dictionaries", "Dictionaries.csproj", "{B3F05E1E-620D-4646-B1E3-14D500630582}"
EndProject
Project("{FAE04EC0-301F-11D3-BF4B-00C04F79EFBC}") = "ConsoleApp2", "..\ConsoleApp2\ConsoleApp2.csproj", "{584E9F93-6D17-461A-8352-48C5A84FAAD1}"
EndProject
Project("{FAE04EC0-301F-11D3-BF4B-00C04F79EFBC}") = "OddOccurances", "..\OddOccurances\OddOccurances.csproj", "{CA6D4A32-F4A8-49B1-9141-65C5E1CD9212}"
EndProject
Project("{FAE04EC0-301F-11D3-BF4B-00C04F79EFBC}") = "WordFilter", "..\WordFilter\WordFilter.csproj", "{6B2C0A02-DC57-4FD0-9843-BD8D812A8E00}"
EndProject
Project("{FAE04EC0-301F-11D3-BF4B-00C04F79EFBC}") = "LargestThreeNumbers", "..\LargestThreeNumbers\LargestThreeNumbers.csproj", "{1ECAF9C5-7593-44F1-AAD1-2773974E0653}"
EndProject
Global
	GlobalSection(SolutionConfigurationPlatforms) = preSolution
		Debug|Any CPU = Debug|Any CPU
		Release|Any CPU = Release|Any CPU
	EndGlobalSection
	GlobalSection(ProjectConfigurationPlatforms) = postSolution
		{B3F05E1E-620D-4646-B1E3-14D500630582}.Debug|Any CPU.ActiveCfg = Debug|Any CPU
		{B3F05E1E-620D-4646-B1E3-14D500630582}.Debug|Any CPU.Build.0 = Debug|Any CPU
		{B3F05E1E-620D-4646-B1E3-14D500630582}.Release|Any CPU.ActiveCfg = Release|Any CPU
		{B3F05E1E-620D-4646-B1E3-14D500630582}.Release|Any CPU.Build.0 = Release|Any CPU
		{584E9F93-6D17-461A-8352-48C5A84FAAD1}.Debug|Any CPU.ActiveCfg = Debug|Any CPU
		{584E9F93-6D17-461A-8352-48C5A84FAAD1}.Debug|Any CPU.Build.0 = Debug|Any CPU
		{584E9F93-6D17-461A-8352-48C5A84FAAD1}.Release|Any CPU.ActiveCfg = Release|Any CPU
		{584E9F93-6D17-461A-8352-48C5A84FAAD1}.Release|Any CPU.Build.0 = Release|Any CPU
		{CA6D4A32-F4A8-49B1-9141-65C5E1CD9212}.Debug|Any CPU.ActiveCfg = Debug|Any CPU
		{CA6D4A32-F4A8-49B1-9141-65C5E1CD9212}.Debug|Any CPU.Build.0 = Debug|Any CPU
		{CA6D4A32-F4A8-49B1-9141-65C5E1CD9212}.Release|Any CPU.ActiveCfg = Release|Any CPU
		{CA6D4A32-F4A8-49B1-9141-65C5E1CD9212}.Release|Any CPU.Build.0 = Release|Any CPU
		{6B2C0A02-DC57-4FD0-9843-BD8D812A8E00}.Debug|Any CPU.ActiveCfg = Debug|Any CPU
		{6B2C0A02-DC57-4FD0-9843-BD8D812A8E00}.Debug|Any CPU.Build.0 = Debug|Any CPU
		{6B2C0A02-DC57-4FD0-9843-BD8D812A8E00}.Release|Any CPU.ActiveCfg = Release|Any CPU
		{6B2C0A02-DC57-4FD0-9843-BD8D812A8E00}.Release|Any CPU.Build.0 = Release|Any CPU
		{1ECAF9C5-7593-44F1-AAD1-2773974E0653}.Debug|Any CPU.ActiveCfg = Debug|Any CPU
		{1ECAF9C5-7593-44F1-AAD1-2773974E0653}.Debug|Any CPU.Build.0 = Debug|Any CPU
		{1ECAF9C5-7593-44F1-AAD1-2773974E0653}.Release|Any CPU.ActiveCfg = Release|Any CPU
		{1ECAF9C5-7593-44F1-AAD1-2773974E0653}.Release|Any CPU.Build.0 = Release|Any CPU
	EndGlobalSection
	GlobalSection(SolutionProperties) = preSolution
		HideSolutionNode = FALSE
	EndGlobalSection
	GlobalSection(ExtensibilityGlobals) = postSolution
		SolutionGuid = {84CFDB7D-F15D-4231-AA08-F31564491274}
	EndGlobalSection
EndGlobal
